// !$*UTF8*$!
{
	archiveVersion = 1;
	classes = {
	};
	objectVersion = 56;
	objects = {

/* Begin PBXBuildFile section */
		4278776829DD7BC100657A18 /* PushupsChallengeApp.swift in Sources */ = {isa = PBXBuildFile; fileRef = 4278776729DD7BC100657A18 /* PushupsChallengeApp.swift */; };
		4278776A29DD7BC100657A18 /* PCMainView.swift in Sources */ = {isa = PBXBuildFile; fileRef = 4278776929DD7BC100657A18 /* PCMainView.swift */; };
		4278776C29DD7BC600657A18 /* Assets.xcassets in Resources */ = {isa = PBXBuildFile; fileRef = 4278776B29DD7BC600657A18 /* Assets.xcassets */; };
		4278776F29DD7BC600657A18 /* Preview Assets.xcassets in Resources */ = {isa = PBXBuildFile; fileRef = 4278776E29DD7BC600657A18 /* Preview Assets.xcassets */; };
		4278777629DD7CAE00657A18 /* PCMainViewViewModel.swift in Sources */ = {isa = PBXBuildFile; fileRef = 4278777529DD7CAD00657A18 /* PCMainViewViewModel.swift */; };
		427EFB282A310013009A86CC /* Color+Ext.swift in Sources */ = {isa = PBXBuildFile; fileRef = 427EFB272A310013009A86CC /* Color+Ext.swift */; };
		427EFB2A2A31DB45009A86CC /* PCMenuButtonView.swift in Sources */ = {isa = PBXBuildFile; fileRef = 427EFB292A31DB45009A86CC /* PCMenuButtonView.swift */; };
		427EFB2D2A31E415009A86CC /* PCWorkout.swift in Sources */ = {isa = PBXBuildFile; fileRef = 427EFB2C2A31E415009A86CC /* PCWorkout.swift */; };
		427EFB312A36F84D009A86CC /* PCWorkoutView.swift in Sources */ = {isa = PBXBuildFile; fileRef = 427EFB302A36F84D009A86CC /* PCWorkoutView.swift */; };
		427EFB332A36F886009A86CC /* PCWorkoutViewModel.swift in Sources */ = {isa = PBXBuildFile; fileRef = 427EFB322A36F886009A86CC /* PCWorkoutViewModel.swift */; };
/* End PBXBuildFile section */

/* Begin PBXFileReference section */
		4278776429DD7BC100657A18 /* PushupsChallenge.app */ = {isa = PBXFileReference; explicitFileType = wrapper.application; includeInIndex = 0; path = PushupsChallenge.app; sourceTree = BUILT_PRODUCTS_DIR; };
		4278776729DD7BC100657A18 /* PushupsChallengeApp.swift */ = {isa = PBXFileReference; lastKnownFileType = sourcecode.swift; path = PushupsChallengeApp.swift; sourceTree = "<group>"; };
		4278776929DD7BC100657A18 /* PCMainView.swift */ = {isa = PBXFileReference; lastKnownFileType = sourcecode.swift; path = PCMainView.swift; sourceTree = "<group>"; };
		4278776B29DD7BC600657A18 /* Assets.xcassets */ = {isa = PBXFileReference; lastKnownFileType = folder.assetcatalog; path = Assets.xcassets; sourceTree = "<group>"; };
		4278776E29DD7BC600657A18 /* Preview Assets.xcassets */ = {isa = PBXFileReference; lastKnownFileType = folder.assetcatalog; path = "Preview Assets.xcassets"; sourceTree = "<group>"; };
		4278777529DD7CAD00657A18 /* PCMainViewViewModel.swift */ = {isa = PBXFileReference; lastKnownFileType = sourcecode.swift; path = PCMainViewViewModel.swift; sourceTree = "<group>"; };
		427EFB272A310013009A86CC /* Color+Ext.swift */ = {isa = PBXFileReference; lastKnownFileType = sourcecode.swift; path = "Color+Ext.swift"; sourceTree = "<group>"; };
		427EFB292A31DB45009A86CC /* PCMenuButtonView.swift */ = {isa = PBXFileReference; lastKnownFileType = sourcecode.swift; path = PCMenuButtonView.swift; sourceTree = "<group>"; };
		427EFB2C2A31E415009A86CC /* PCWorkout.swift */ = {isa = PBXFileReference; lastKnownFileType = sourcecode.swift; path = PCWorkout.swift; sourceTree = "<group>"; };
		427EFB302A36F84D009A86CC /* PCWorkoutView.swift */ = {isa = PBXFileReference; lastKnownFileType = sourcecode.swift; path = PCWorkoutView.swift; sourceTree = "<group>"; };
		427EFB322A36F886009A86CC /* PCWorkoutViewModel.swift */ = {isa = PBXFileReference; lastKnownFileType = sourcecode.swift; path = PCWorkoutViewModel.swift; sourceTree = "<group>"; };
/* End PBXFileReference section */

/* Begin PBXFrameworksBuildPhase section */
		4278776129DD7BC100657A18 /* Frameworks */ = {
			isa = PBXFrameworksBuildPhase;
			buildActionMask = 2147483647;
			files = (
			);
			runOnlyForDeploymentPostprocessing = 0;
		};
/* End PBXFrameworksBuildPhase section */

/* Begin PBXGroup section */
		4278775B29DD7BC100657A18 = {
			isa = PBXGroup;
			children = (
				4278776629DD7BC100657A18 /* PushupsChallenge */,
				4278776529DD7BC100657A18 /* Products */,
			);
			sourceTree = "<group>";
		};
		4278776529DD7BC100657A18 /* Products */ = {
			isa = PBXGroup;
			children = (
				4278776429DD7BC100657A18 /* PushupsChallenge.app */,
			);
			name = Products;
			sourceTree = "<group>";
		};
		4278776629DD7BC100657A18 /* PushupsChallenge */ = {
			isa = PBXGroup;
			children = (
				4278776729DD7BC100657A18 /* PushupsChallengeApp.swift */,
				427EFB232A30FEC8009A86CC /* Utilities */,
				427EFB262A30FFFE009A86CC /* Extensions */,
				427EFB2B2A31E401009A86CC /* Model */,
				427EFB242A30FEDB009A86CC /* Views */,
				427EFB252A30FEF9009A86CC /* ViewModels */,
				4278776B29DD7BC600657A18 /* Assets.xcassets */,
				4278776D29DD7BC600657A18 /* Preview Content */,
			);
			path = PushupsChallenge;
			sourceTree = "<group>";
		};
		4278776D29DD7BC600657A18 /* Preview Content */ = {
			isa = PBXGroup;
			children = (
				4278776E29DD7BC600657A18 /* Preview Assets.xcassets */,
			);
			path = "Preview Content";
			sourceTree = "<group>";
		};
		427EFB232A30FEC8009A86CC /* Utilities */ = {
			isa = PBXGroup;
			children = (
			);
			path = Utilities;
			sourceTree = "<group>";
		};
		427EFB242A30FEDB009A86CC /* Views */ = {
			isa = PBXGroup;
			children = (
				427EFB2E2A3230D1009A86CC /* Screens */,
				427EFB2F2A3230DB009A86CC /* UIElements */,
			);
			path = Views;
			sourceTree = "<group>";
		};
		427EFB252A30FEF9009A86CC /* ViewModels */ = {
			isa = PBXGroup;
			children = (
				4278777529DD7CAD00657A18 /* PCMainViewViewModel.swift */,
				427EFB322A36F886009A86CC /* PCWorkoutViewModel.swift */,
			);
			path = ViewModels;
			sourceTree = "<group>";
		};
		427EFB262A30FFFE009A86CC /* Extensions */ = {
			isa = PBXGroup;
			children = (
				427EFB272A310013009A86CC /* Color+Ext.swift */,
			);
			path = Extensions;
			sourceTree = "<group>";
		};
		427EFB2B2A31E401009A86CC /* Model */ = {
			isa = PBXGroup;
			children = (
				427EFB2C2A31E415009A86CC /* PCWorkout.swift */,
			);
			path = Model;
			sourceTree = "<group>";
		};
		427EFB2E2A3230D1009A86CC /* Screens */ = {
			isa = PBXGroup;
			children = (
				4278776929DD7BC100657A18 /* PCMainView.swift */,
				427EFB302A36F84D009A86CC /* PCWorkoutView.swift */,
			);
			path = Screens;
			sourceTree = "<group>";
		};
		427EFB2F2A3230DB009A86CC /* UIElements */ = {
			isa = PBXGroup;
			children = (
				427EFB292A31DB45009A86CC /* PCMenuButtonView.swift */,
			);
			path = UIElements;
			sourceTree = "<group>";
		};
/* End PBXGroup section */

/* Begin PBXNativeTarget section */
		4278776329DD7BC100657A18 /* PushupsChallenge */ = {
			isa = PBXNativeTarget;
			buildConfigurationList = 4278777229DD7BC600657A18 /* Build configuration list for PBXNativeTarget "PushupsChallenge" */;
			buildPhases = (
				4278776029DD7BC100657A18 /* Sources */,
				4278776129DD7BC100657A18 /* Frameworks */,
				4278776229DD7BC100657A18 /* Resources */,
			);
			buildRules = (
			);
			dependencies = (
			);
			name = PushupsChallenge;
			productName = PushupsChallenge;
			productReference = 4278776429DD7BC100657A18 /* PushupsChallenge.app */;
			productType = "com.apple.product-type.application";
		};
/* End PBXNativeTarget section */

/* Begin PBXProject section */
		4278775C29DD7BC100657A18 /* Project object */ = {
			isa = PBXProject;
			attributes = {
				BuildIndependentTargetsInParallel = 1;
				LastSwiftUpdateCheck = 1420;
				LastUpgradeCheck = 1420;
				TargetAttributes = {
					4278776329DD7BC100657A18 = {
						CreatedOnToolsVersion = 14.2;
					};
				};
			};
			buildConfigurationList = 4278775F29DD7BC100657A18 /* Build configuration list for PBXProject "PushupsChallenge" */;
			compatibilityVersion = "Xcode 14.0";
			developmentRegion = en;
			hasScannedForEncodings = 0;
			knownRegions = (
				en,
				Base,
			);
			mainGroup = 4278775B29DD7BC100657A18;
			productRefGroup = 4278776529DD7BC100657A18 /* Products */;
			projectDirPath = "";
			projectRoot = "";
			targets = (
				4278776329DD7BC100657A18 /* PushupsChallenge */,
			);
		};
/* End PBXProject section */

/* Begin PBXResourcesBuildPhase section */
		4278776229DD7BC100657A18 /* Resources */ = {
			isa = PBXResourcesBuildPhase;
			buildActionMask = 2147483647;
			files = (
				4278776F29DD7BC600657A18 /* Preview Assets.xcassets in Resources */,
				4278776C29DD7BC600657A18 /* Assets.xcassets in Resources */,
			);
			runOnlyForDeploymentPostprocessing = 0;
		};
/* End PBXResourcesBuildPhase section */

/* Begin PBXSourcesBuildPhase section */
		4278776029DD7BC100657A18 /* Sources */ = {
			isa = PBXSourcesBuildPhase;
			buildActionMask = 2147483647;
			files = (
				427EFB312A36F84D009A86CC /* PCWorkoutView.swift in Sources */,
				4278776A29DD7BC100657A18 /* PCMainView.swift in Sources */,
				427EFB282A310013009A86CC /* Color+Ext.swift in Sources */,
				4278776829DD7BC100657A18 /* PushupsChallengeApp.swift in Sources */,
				427EFB2A2A31DB45009A86CC /* PCMenuButtonView.swift in Sources */,
				427EFB332A36F886009A86CC /* PCWorkoutViewModel.swift in Sources */,
				427EFB2D2A31E415009A86CC /* PCWorkout.swift in Sources */,
				4278777629DD7CAE00657A18 /* PCMainViewViewModel.swift in Sources */,
			);
			runOnlyForDeploymentPostprocessing = 0;
		};
/* End PBXSourcesBuildPhase section */

/* Begin XCBuildConfiguration section */
		4278777029DD7BC600657A18 /* Debug */ = {
			isa = XCBuildConfiguration;
			buildSettings = {
				ALWAYS_SEARCH_USER_PATHS = NO;
				CLANG_ANALYZER_NONNULL = YES;
				CLANG_ANALYZER_NUMBER_OBJECT_CONVERSION = YES_AGGRESSIVE;
				CLANG_CXX_LANGUAGE_STANDARD = "gnu++20";
				CLANG_ENABLE_MODULES = YES;
				CLANG_ENABLE_OBJC_ARC = YES;
				CLANG_ENABLE_OBJC_WEAK = YES;
				CLANG_WARN_BLOCK_CAPTURE_AUTORELEASING = YES;
				CLANG_WARN_BOOL_CONVERSION = YES;
				CLANG_WARN_COMMA = YES;
				CLANG_WARN_CONSTANT_CONVERSION = YES;
				CLANG_WARN_DEPRECATED_OBJC_IMPLEMENTATIONS = YES;
				CLANG_WARN_DIRECT_OBJC_ISA_USAGE = YES_ERROR;
				CLANG_WARN_DOCUMENTATION_COMMENTS = YES;
				CLANG_WARN_EMPTY_BODY = YES;
				CLANG_WARN_ENUM_CONVERSION = YES;
				CLANG_WARN_INFINITE_RECURSION = YES;
				CLANG_WARN_INT_CONVERSION = YES;
				CLANG_WARN_NON_LITERAL_NULL_CONVERSION = YES;
				CLANG_WARN_OBJC_IMPLICIT_RETAIN_SELF = YES;
				CLANG_WARN_OBJC_LITERAL_CONVERSION = YES;
				CLANG_WARN_OBJC_ROOT_CLASS = YES_ERROR;
				CLANG_WARN_QUOTED_INCLUDE_IN_FRAMEWORK_HEADER = YES;
				CLANG_WARN_RANGE_LOOP_ANALYSIS = YES;
				CLANG_WARN_STRICT_PROTOTYPES = YES;
				CLANG_WARN_SUSPICIOUS_MOVE = YES;
				CLANG_WARN_UNGUARDED_AVAILABILITY = YES_AGGRESSIVE;
				CLANG_WARN_UNREACHABLE_CODE = YES;
				CLANG_WARN__DUPLICATE_METHOD_MATCH = YES;
				COPY_PHASE_STRIP = NO;
				DEBUG_INFORMATION_FORMAT = dwarf;
				ENABLE_STRICT_OBJC_MSGSEND = YES;
				ENABLE_TESTABILITY = YES;
				GCC_C_LANGUAGE_STANDARD = gnu11;
				GCC_DYNAMIC_NO_PIC = NO;
				GCC_NO_COMMON_BLOCKS = YES;
				GCC_OPTIMIZATION_LEVEL = 0;
				GCC_PREPROCESSOR_DEFINITIONS = (
					"DEBUG=1",
					"$(inherited)",
				);
				GCC_WARN_64_TO_32_BIT_CONVERSION = YES;
				GCC_WARN_ABOUT_RETURN_TYPE = YES_ERROR;
				GCC_WARN_UNDECLARED_SELECTOR = YES;
				GCC_WARN_UNINITIALIZED_AUTOS = YES_AGGRESSIVE;
				GCC_WARN_UNUSED_FUNCTION = YES;
				GCC_WARN_UNUSED_VARIABLE = YES;
				IPHONEOS_DEPLOYMENT_TARGET = 16.2;
				MTL_ENABLE_DEBUG_INFO = INCLUDE_SOURCE;
				MTL_FAST_MATH = YES;
				ONLY_ACTIVE_ARCH = YES;
				SDKROOT = iphoneos;
				SWIFT_ACTIVE_COMPILATION_CONDITIONS = DEBUG;
				SWIFT_OPTIMIZATION_LEVEL = "-Onone";
			};
			name = Debug;
		};
		4278777129DD7BC600657A18 /* Release */ = {
			isa = XCBuildConfiguration;
			buildSettings = {
				ALWAYS_SEARCH_USER_PATHS = NO;
				CLANG_ANALYZER_NONNULL = YES;
				CLANG_ANALYZER_NUMBER_OBJECT_CONVERSION = YES_AGGRESSIVE;
				CLANG_CXX_LANGUAGE_STANDARD = "gnu++20";
				CLANG_ENABLE_MODULES = YES;
				CLANG_ENABLE_OBJC_ARC = YES;
				CLANG_ENABLE_OBJC_WEAK = YES;
				CLANG_WARN_BLOCK_CAPTURE_AUTORELEASING = YES;
				CLANG_WARN_BOOL_CONVERSION = YES;
				CLANG_WARN_COMMA = YES;
				CLANG_WARN_CONSTANT_CONVERSION = YES;
				CLANG_WARN_DEPRECATED_OBJC_IMPLEMENTATIONS = YES;
				CLANG_WARN_DIRECT_OBJC_ISA_USAGE = YES_ERROR;
				CLANG_WARN_DOCUMENTATION_COMMENTS = YES;
				CLANG_WARN_EMPTY_BODY = YES;
				CLANG_WARN_ENUM_CONVERSION = YES;
				CLANG_WARN_INFINITE_RECURSION = YES;
				CLANG_WARN_INT_CONVERSION = YES;
				CLANG_WARN_NON_LITERAL_NULL_CONVERSION = YES;
				CLANG_WARN_OBJC_IMPLICIT_RETAIN_SELF = YES;
				CLANG_WARN_OBJC_LITERAL_CONVERSION = YES;
				CLANG_WARN_OBJC_ROOT_CLASS = YES_ERROR;
				CLANG_WARN_QUOTED_INCLUDE_IN_FRAMEWORK_HEADER = YES;
				CLANG_WARN_RANGE_LOOP_ANALYSIS = YES;
				CLANG_WARN_STRICT_PROTOTYPES = YES;
				CLANG_WARN_SUSPICIOUS_MOVE = YES;
				CLANG_WARN_UNGUARDED_AVAILABILITY = YES_AGGRESSIVE;
				CLANG_WARN_UNREACHABLE_CODE = YES;
				CLANG_WARN__DUPLICATE_METHOD_MATCH = YES;
				COPY_PHASE_STRIP = NO;
				DEBUG_INFORMATION_FORMAT = "dwarf-with-dsym";
				ENABLE_NS_ASSERTIONS = NO;
				ENABLE_STRICT_OBJC_MSGSEND = YES;
				GCC_C_LANGUAGE_STANDARD = gnu11;
				GCC_NO_COMMON_BLOCKS = YES;
				GCC_WARN_64_TO_32_BIT_CONVERSION = YES;
				GCC_WARN_ABOUT_RETURN_TYPE = YES_ERROR;
				GCC_WARN_UNDECLARED_SELECTOR = YES;
				GCC_WARN_UNINITIALIZED_AUTOS = YES_AGGRESSIVE;
				GCC_WARN_UNUSED_FUNCTION = YES;
				GCC_WARN_UNUSED_VARIABLE = YES;
				IPHONEOS_DEPLOYMENT_TARGET = 16.2;
				MTL_ENABLE_DEBUG_INFO = NO;
				MTL_FAST_MATH = YES;
				SDKROOT = iphoneos;
				SWIFT_COMPILATION_MODE = wholemodule;
				SWIFT_OPTIMIZATION_LEVEL = "-O";
				VALIDATE_PRODUCT = YES;
			};
			name = Release;
		};
		4278777329DD7BC600657A18 /* Debug */ = {
			isa = XCBuildConfiguration;
			buildSettings = {
				ASSETCATALOG_COMPILER_APPICON_NAME = AppIcon;
				ASSETCATALOG_COMPILER_GLOBAL_ACCENT_COLOR_NAME = AccentColor;
				CODE_SIGN_STYLE = Automatic;
				CURRENT_PROJECT_VERSION = 1;
				DEVELOPMENT_ASSET_PATHS = "\"PushupsChallenge/Preview Content\"";
				DEVELOPMENT_TEAM = 3FACLSXXJM;
				ENABLE_PREVIEWS = YES;
				GENERATE_INFOPLIST_FILE = YES;
				INFOPLIST_KEY_UIApplicationSceneManifest_Generation = YES;
				INFOPLIST_KEY_UIApplicationSupportsIndirectInputEvents = YES;
				INFOPLIST_KEY_UILaunchScreen_Generation = YES;
				INFOPLIST_KEY_UISupportedInterfaceOrientations_iPad = "UIInterfaceOrientationPortrait UIInterfaceOrientationPortraitUpsideDown UIInterfaceOrientationLandscapeLeft UIInterfaceOrientationLandscapeRight";
				INFOPLIST_KEY_UISupportedInterfaceOrientations_iPhone = "UIInterfaceOrientationPortrait UIInterfaceOrientationLandscapeLeft UIInterfaceOrientationLandscapeRight";
				LD_RUNPATH_SEARCH_PATHS = (
					"$(inherited)",
					"@executable_path/Frameworks",
				);
				MARKETING_VERSION = 1.0;
				PRODUCT_BUNDLE_IDENTIFIER = com.jakubzajda.PushupsChallenge;
				PRODUCT_NAME = "$(TARGET_NAME)";
				SWIFT_EMIT_LOC_STRINGS = YES;
				SWIFT_VERSION = 5.0;
				TARGETED_DEVICE_FAMILY = "1,2";
			};
			name = Debug;
		};
		4278777429DD7BC600657A18 /* Release */ = {
			isa = XCBuildConfiguration;
			buildSettings = {
				ASSETCATALOG_COMPILER_APPICON_NAME = AppIcon;
				ASSETCATALOG_COMPILER_GLOBAL_ACCENT_COLOR_NAME = AccentColor;
				CODE_SIGN_STYLE = Automatic;
				CURRENT_PROJECT_VERSION = 1;
				DEVELOPMENT_ASSET_PATHS = "\"PushupsChallenge/Preview Content\"";
				DEVELOPMENT_TEAM = 3FACLSXXJM;
				ENABLE_PREVIEWS = YES;
				GENERATE_INFOPLIST_FILE = YES;
				INFOPLIST_KEY_UIApplicationSceneManifest_Generation = YES;
				INFOPLIST_KEY_UIApplicationSupportsIndirectInputEvents = YES;
				INFOPLIST_KEY_UILaunchScreen_Generation = YES;
				INFOPLIST_KEY_UISupportedInterfaceOrientations_iPad = "UIInterfaceOrientationPortrait UIInterfaceOrientationPortraitUpsideDown UIInterfaceOrientationLandscapeLeft UIInterfaceOrientationLandscapeRight";
				INFOPLIST_KEY_UISupportedInterfaceOrientations_iPhone = "UIInterfaceOrientationPortrait UIInterfaceOrientationLandscapeLeft UIInterfaceOrientationLandscapeRight";
				LD_RUNPATH_SEARCH_PATHS = (
					"$(inherited)",
					"@executable_path/Frameworks",
				);
				MARKETING_VERSION = 1.0;
				PRODUCT_BUNDLE_IDENTIFIER = com.jakubzajda.PushupsChallenge;
				PRODUCT_NAME = "$(TARGET_NAME)";
				SWIFT_EMIT_LOC_STRINGS = YES;
				SWIFT_VERSION = 5.0;
				TARGETED_DEVICE_FAMILY = "1,2";
			};
			name = Release;
		};
/* End XCBuildConfiguration section */

/* Begin XCConfigurationList section */
		4278775F29DD7BC100657A18 /* Build configuration list for PBXProject "PushupsChallenge" */ = {
			isa = XCConfigurationList;
			buildConfigurations = (
				4278777029DD7BC600657A18 /* Debug */,
				4278777129DD7BC600657A18 /* Release */,
			);
			defaultConfigurationIsVisible = 0;
			defaultConfigurationName = Release;
		};
		4278777229DD7BC600657A18 /* Build configuration list for PBXNativeTarget "PushupsChallenge" */ = {
			isa = XCConfigurationList;
			buildConfigurations = (
				4278777329DD7BC600657A18 /* Debug */,
				4278777429DD7BC600657A18 /* Release */,
			);
			defaultConfigurationIsVisible = 0;
			defaultConfigurationName = Release;
		};
/* End XCConfigurationList section */
	};
	rootObject = 4278775C29DD7BC100657A18 /* Project object */;
}
