// !$*UTF8*$!
{
	archiveVersion = 1;
	classes = {
	};
	objectVersion = 56;
	objects = {

/* Begin PBXBuildFile section */
		4205E1A32A470363006864AA /* PCChallengeCompletionPercentageStatisticsView.swift in Sources */ = {isa = PBXBuildFile; fileRef = 4205E1A22A470363006864AA /* PCChallengeCompletionPercentageStatisticsView.swift */; };
		4205E1A52A4703D5006864AA /* PCChallengeCompletionPercentageStatisticsViewViewModel.swift in Sources */ = {isa = PBXBuildFile; fileRef = 4205E1A42A4703D5006864AA /* PCChallengeCompletionPercentageStatisticsViewViewModel.swift */; };
		4257C57F2A49FD63001D8ED6 /* PCSettingsViewViewModel.swift in Sources */ = {isa = PBXBuildFile; fileRef = 4257C57E2A49FD63001D8ED6 /* PCSettingsViewViewModel.swift */; };
		4257C5812A4AFAEF001D8ED6 /* PCNotificationManager.swift in Sources */ = {isa = PBXBuildFile; fileRef = 4257C5802A4AFAEF001D8ED6 /* PCNotificationManager.swift */; };
		4257C5832A4AFC08001D8ED6 /* PCSetRemindersView.swift in Sources */ = {isa = PBXBuildFile; fileRef = 4257C5822A4AFC08001D8ED6 /* PCSetRemindersView.swift */; };
		42684F412A4B0BFE00713999 /* PCScheduledReminder.swift in Sources */ = {isa = PBXBuildFile; fileRef = 42684F402A4B0BFE00713999 /* PCScheduledReminder.swift */; };
		42684F432A4B0D0700713999 /* PCWeekday.swift in Sources */ = {isa = PBXBuildFile; fileRef = 42684F422A4B0D0700713999 /* PCWeekday.swift */; };
		426FE7B62A474EF7005D04CA /* Double+Ext.swift in Sources */ = {isa = PBXBuildFile; fileRef = 426FE7B52A474EF7005D04CA /* Double+Ext.swift */; };
		427332B22A4B240600C582C6 /* PCSetRemindersViewViewModel.swift in Sources */ = {isa = PBXBuildFile; fileRef = 427332B12A4B240600C582C6 /* PCSetRemindersViewViewModel.swift */; };
		4278776829DD7BC100657A18 /* PushupsChallengeApp.swift in Sources */ = {isa = PBXBuildFile; fileRef = 4278776729DD7BC100657A18 /* PushupsChallengeApp.swift */; };
		4278776A29DD7BC100657A18 /* PCMainView.swift in Sources */ = {isa = PBXBuildFile; fileRef = 4278776929DD7BC100657A18 /* PCMainView.swift */; };
		4278776C29DD7BC600657A18 /* Assets.xcassets in Resources */ = {isa = PBXBuildFile; fileRef = 4278776B29DD7BC600657A18 /* Assets.xcassets */; };
		4278776F29DD7BC600657A18 /* Preview Assets.xcassets in Resources */ = {isa = PBXBuildFile; fileRef = 4278776E29DD7BC600657A18 /* Preview Assets.xcassets */; };
		4278777629DD7CAE00657A18 /* PCMainViewViewModel.swift in Sources */ = {isa = PBXBuildFile; fileRef = 4278777529DD7CAD00657A18 /* PCMainViewViewModel.swift */; };
		427C5F3D2A4B6C5D0056A4E3 /* PCReminderCellView.swift in Sources */ = {isa = PBXBuildFile; fileRef = 427C5F3C2A4B6C5D0056A4E3 /* PCReminderCellView.swift */; };
		427EFB282A310013009A86CC /* Color+Ext.swift in Sources */ = {isa = PBXBuildFile; fileRef = 427EFB272A310013009A86CC /* Color+Ext.swift */; };
		427EFB2A2A31DB45009A86CC /* PCMenuButtonView.swift in Sources */ = {isa = PBXBuildFile; fileRef = 427EFB292A31DB45009A86CC /* PCMenuButtonView.swift */; };
		427EFB2D2A31E415009A86CC /* PCWorkout.swift in Sources */ = {isa = PBXBuildFile; fileRef = 427EFB2C2A31E415009A86CC /* PCWorkout.swift */; };
		427EFB312A36F84D009A86CC /* PCWorkoutView.swift in Sources */ = {isa = PBXBuildFile; fileRef = 427EFB302A36F84D009A86CC /* PCWorkoutView.swift */; };
		427EFB332A36F886009A86CC /* PCWorkoutViewViewModel.swift in Sources */ = {isa = PBXBuildFile; fileRef = 427EFB322A36F886009A86CC /* PCWorkoutViewViewModel.swift */; };
		427EFB352A3711A8009A86CC /* Int+Ext.swift in Sources */ = {isa = PBXBuildFile; fileRef = 427EFB342A3711A8009A86CC /* Int+Ext.swift */; };
		427EFB382A372BE1009A86CC /* SpeechSynthesizerManager.swift in Sources */ = {isa = PBXBuildFile; fileRef = 427EFB372A372BE1009A86CC /* SpeechSynthesizerManager.swift */; };
		427EFB3A2A372FC3009A86CC /* ProximityObserverManager.swift in Sources */ = {isa = PBXBuildFile; fileRef = 427EFB392A372FC3009A86CC /* ProximityObserverManager.swift */; };
		427EFB3D2A374E4C009A86CC /* Done.MP3 in Resources */ = {isa = PBXBuildFile; fileRef = 427EFB3C2A374E4C009A86CC /* Done.MP3 */; };
		427EFB3F2A375D60009A86CC /* PCWorkoutOverlayView.swift in Sources */ = {isa = PBXBuildFile; fileRef = 427EFB3E2A375D60009A86CC /* PCWorkoutOverlayView.swift */; };
		427EFB412A375FB7009A86CC /* PCWorkoutOverlayViewViewModel.swift in Sources */ = {isa = PBXBuildFile; fileRef = 427EFB402A375FB7009A86CC /* PCWorkoutOverlayViewViewModel.swift */; };
		427EFB442A386905009A86CC /* Realm in Frameworks */ = {isa = PBXBuildFile; productRef = 427EFB432A386905009A86CC /* Realm */; };
		427EFB462A386905009A86CC /* RealmSwift in Frameworks */ = {isa = PBXBuildFile; productRef = 427EFB452A386905009A86CC /* RealmSwift */; };
		427EFB482A3A1CB8009A86CC /* PCAchievementsView.swift in Sources */ = {isa = PBXBuildFile; fileRef = 427EFB472A3A1CB7009A86CC /* PCAchievementsView.swift */; };
		427EFB4A2A3A1CD1009A86CC /* PCAchievementsViewViewModel.swift in Sources */ = {isa = PBXBuildFile; fileRef = 427EFB492A3A1CD1009A86CC /* PCAchievementsViewViewModel.swift */; };
		427EFB4C2A3A3050009A86CC /* PCAchievementView.swift in Sources */ = {isa = PBXBuildFile; fileRef = 427EFB4B2A3A3050009A86CC /* PCAchievementView.swift */; };
		427EFB4E2A3A389B009A86CC /* PCAchievementViewViewModel.swift in Sources */ = {isa = PBXBuildFile; fileRef = 427EFB4D2A3A389B009A86CC /* PCAchievementViewViewModel.swift */; };
		42893EDA2A498C2E008281AD /* PCSettingsView.swift in Sources */ = {isa = PBXBuildFile; fileRef = 42893ED92A498C2E008281AD /* PCSettingsView.swift */; };
		428BF52A2A4F02D200F116DF /* PCPreferencesViewViewModel.swift in Sources */ = {isa = PBXBuildFile; fileRef = 428BF5292A4F02D200F116DF /* PCPreferencesViewViewModel.swift */; };
		428BF52C2A4F044900F116DF /* PCPreferencesView.swift in Sources */ = {isa = PBXBuildFile; fileRef = 428BF52B2A4F044900F116DF /* PCPreferencesView.swift */; };
		428BF52E2A4F0BB500F116DF /* PCSpeechLanguage.swift in Sources */ = {isa = PBXBuildFile; fileRef = 428BF52D2A4F0BB500F116DF /* PCSpeechLanguage.swift */; };
		42AB9CC72A48BF6900A34AE5 /* PCTimeScale.swift in Sources */ = {isa = PBXBuildFile; fileRef = 42AB9CC62A48BF6900A34AE5 /* PCTimeScale.swift */; };
		42D17FE62A3B7973007E461F /* PCAchievementType.swift in Sources */ = {isa = PBXBuildFile; fileRef = 42D17FE52A3B7973007E461F /* PCAchievementType.swift */; };
		42EFF36E2A3C851D000D80A3 /* PCWorkoutSummaryView.swift in Sources */ = {isa = PBXBuildFile; fileRef = 42EFF36D2A3C851D000D80A3 /* PCWorkoutSummaryView.swift */; };
		42EFF3722A3C868E000D80A3 /* PCWorkoutSummaryViewViewModel.swift in Sources */ = {isa = PBXBuildFile; fileRef = 42EFF3712A3C868E000D80A3 /* PCWorkoutSummaryViewViewModel.swift */; };
		42EFF3742A3C9B7F000D80A3 /* PCWorkoutsListView.swift in Sources */ = {isa = PBXBuildFile; fileRef = 42EFF3732A3C9B7F000D80A3 /* PCWorkoutsListView.swift */; };
		42EFF3762A3C9BA5000D80A3 /* PCWorkoutsListViewViewModel.swift in Sources */ = {isa = PBXBuildFile; fileRef = 42EFF3752A3C9BA5000D80A3 /* PCWorkoutsListViewViewModel.swift */; };
		42FB23582A3F0E0D00DEB204 /* PCAchievementsManager.swift in Sources */ = {isa = PBXBuildFile; fileRef = 42FB23572A3F0E0D00DEB204 /* PCAchievementsManager.swift */; };
		42FB235A2A3F22E000DEB204 /* PCAchievement.swift in Sources */ = {isa = PBXBuildFile; fileRef = 42FB23592A3F22E000DEB204 /* PCAchievement.swift */; };
		42FB235D2A40B3F200DEB204 /* PCPushupsAverangeStatisticsView.swift in Sources */ = {isa = PBXBuildFile; fileRef = 42FB235C2A40B3F200DEB204 /* PCPushupsAverangeStatisticsView.swift */; };
		42FB235F2A40BBFF00DEB204 /* PCStatisticsView.swift in Sources */ = {isa = PBXBuildFile; fileRef = 42FB235E2A40BBFF00DEB204 /* PCStatisticsView.swift */; };
		42FB23612A40DA6E00DEB204 /* PCStatisticsViewViewModel.swift in Sources */ = {isa = PBXBuildFile; fileRef = 42FB23602A40DA6E00DEB204 /* PCStatisticsViewViewModel.swift */; };
		42FB23642A41B54500DEB204 /* PCPushupsAverangeStatisticsViewViewModel.swift in Sources */ = {isa = PBXBuildFile; fileRef = 42FB23632A41B54500DEB204 /* PCPushupsAverangeStatisticsViewViewModel.swift */; };
		42FB23672A447DCD00DEB204 /* PCPushupsAveragePerSetStatisticsView.swift in Sources */ = {isa = PBXBuildFile; fileRef = 42FB23662A447DCC00DEB204 /* PCPushupsAveragePerSetStatisticsView.swift */; };
		42FB23692A447E4F00DEB204 /* PCPushupsAveragePerSetStatisticsViewViewModel.swift in Sources */ = {isa = PBXBuildFile; fileRef = 42FB23682A447E4F00DEB204 /* PCPushupsAveragePerSetStatisticsViewViewModel.swift */; };
/* End PBXBuildFile section */

/* Begin PBXFileReference section */
		4205E1A22A470363006864AA /* PCChallengeCompletionPercentageStatisticsView.swift */ = {isa = PBXFileReference; lastKnownFileType = sourcecode.swift; path = PCChallengeCompletionPercentageStatisticsView.swift; sourceTree = "<group>"; };
		4205E1A42A4703D5006864AA /* PCChallengeCompletionPercentageStatisticsViewViewModel.swift */ = {isa = PBXFileReference; lastKnownFileType = sourcecode.swift; path = PCChallengeCompletionPercentageStatisticsViewViewModel.swift; sourceTree = "<group>"; };
		4257C57E2A49FD63001D8ED6 /* PCSettingsViewViewModel.swift */ = {isa = PBXFileReference; lastKnownFileType = sourcecode.swift; path = PCSettingsViewViewModel.swift; sourceTree = "<group>"; };
		4257C5802A4AFAEF001D8ED6 /* PCNotificationManager.swift */ = {isa = PBXFileReference; lastKnownFileType = sourcecode.swift; path = PCNotificationManager.swift; sourceTree = "<group>"; };
		4257C5822A4AFC08001D8ED6 /* PCSetRemindersView.swift */ = {isa = PBXFileReference; lastKnownFileType = sourcecode.swift; path = PCSetRemindersView.swift; sourceTree = "<group>"; };
		42684F402A4B0BFE00713999 /* PCScheduledReminder.swift */ = {isa = PBXFileReference; lastKnownFileType = sourcecode.swift; path = PCScheduledReminder.swift; sourceTree = "<group>"; };
		42684F422A4B0D0700713999 /* PCWeekday.swift */ = {isa = PBXFileReference; lastKnownFileType = sourcecode.swift; path = PCWeekday.swift; sourceTree = "<group>"; };
		426FE7B52A474EF7005D04CA /* Double+Ext.swift */ = {isa = PBXFileReference; lastKnownFileType = sourcecode.swift; path = "Double+Ext.swift"; sourceTree = "<group>"; };
		427332B12A4B240600C582C6 /* PCSetRemindersViewViewModel.swift */ = {isa = PBXFileReference; lastKnownFileType = sourcecode.swift; path = PCSetRemindersViewViewModel.swift; sourceTree = "<group>"; };
		4278776429DD7BC100657A18 /* PushupsChallenge.app */ = {isa = PBXFileReference; explicitFileType = wrapper.application; includeInIndex = 0; path = PushupsChallenge.app; sourceTree = BUILT_PRODUCTS_DIR; };
		4278776729DD7BC100657A18 /* PushupsChallengeApp.swift */ = {isa = PBXFileReference; lastKnownFileType = sourcecode.swift; path = PushupsChallengeApp.swift; sourceTree = "<group>"; };
		4278776929DD7BC100657A18 /* PCMainView.swift */ = {isa = PBXFileReference; lastKnownFileType = sourcecode.swift; path = PCMainView.swift; sourceTree = "<group>"; };
		4278776B29DD7BC600657A18 /* Assets.xcassets */ = {isa = PBXFileReference; lastKnownFileType = folder.assetcatalog; path = Assets.xcassets; sourceTree = "<group>"; };
		4278776E29DD7BC600657A18 /* Preview Assets.xcassets */ = {isa = PBXFileReference; lastKnownFileType = folder.assetcatalog; path = "Preview Assets.xcassets"; sourceTree = "<group>"; };
		4278777529DD7CAD00657A18 /* PCMainViewViewModel.swift */ = {isa = PBXFileReference; lastKnownFileType = sourcecode.swift; path = PCMainViewViewModel.swift; sourceTree = "<group>"; };
		427C5F3C2A4B6C5D0056A4E3 /* PCReminderCellView.swift */ = {isa = PBXFileReference; lastKnownFileType = sourcecode.swift; path = PCReminderCellView.swift; sourceTree = "<group>"; };
		427EFB272A310013009A86CC /* Color+Ext.swift */ = {isa = PBXFileReference; lastKnownFileType = sourcecode.swift; path = "Color+Ext.swift"; sourceTree = "<group>"; };
		427EFB292A31DB45009A86CC /* PCMenuButtonView.swift */ = {isa = PBXFileReference; lastKnownFileType = sourcecode.swift; path = PCMenuButtonView.swift; sourceTree = "<group>"; };
		427EFB2C2A31E415009A86CC /* PCWorkout.swift */ = {isa = PBXFileReference; lastKnownFileType = sourcecode.swift; path = PCWorkout.swift; sourceTree = "<group>"; };
		427EFB302A36F84D009A86CC /* PCWorkoutView.swift */ = {isa = PBXFileReference; lastKnownFileType = sourcecode.swift; path = PCWorkoutView.swift; sourceTree = "<group>"; };
		427EFB322A36F886009A86CC /* PCWorkoutViewViewModel.swift */ = {isa = PBXFileReference; lastKnownFileType = sourcecode.swift; path = PCWorkoutViewViewModel.swift; sourceTree = "<group>"; };
		427EFB342A3711A8009A86CC /* Int+Ext.swift */ = {isa = PBXFileReference; lastKnownFileType = sourcecode.swift; path = "Int+Ext.swift"; sourceTree = "<group>"; };
		427EFB372A372BE1009A86CC /* SpeechSynthesizerManager.swift */ = {isa = PBXFileReference; lastKnownFileType = sourcecode.swift; path = SpeechSynthesizerManager.swift; sourceTree = "<group>"; };
		427EFB392A372FC3009A86CC /* ProximityObserverManager.swift */ = {isa = PBXFileReference; lastKnownFileType = sourcecode.swift; path = ProximityObserverManager.swift; sourceTree = "<group>"; };
		427EFB3C2A374E4C009A86CC /* Done.MP3 */ = {isa = PBXFileReference; lastKnownFileType = audio.mp3; path = Done.MP3; sourceTree = "<group>"; };
		427EFB3E2A375D60009A86CC /* PCWorkoutOverlayView.swift */ = {isa = PBXFileReference; lastKnownFileType = sourcecode.swift; path = PCWorkoutOverlayView.swift; sourceTree = "<group>"; };
		427EFB402A375FB7009A86CC /* PCWorkoutOverlayViewViewModel.swift */ = {isa = PBXFileReference; lastKnownFileType = sourcecode.swift; path = PCWorkoutOverlayViewViewModel.swift; sourceTree = "<group>"; };
		427EFB472A3A1CB7009A86CC /* PCAchievementsView.swift */ = {isa = PBXFileReference; lastKnownFileType = sourcecode.swift; path = PCAchievementsView.swift; sourceTree = "<group>"; };
		427EFB492A3A1CD1009A86CC /* PCAchievementsViewViewModel.swift */ = {isa = PBXFileReference; lastKnownFileType = sourcecode.swift; path = PCAchievementsViewViewModel.swift; sourceTree = "<group>"; };
		427EFB4B2A3A3050009A86CC /* PCAchievementView.swift */ = {isa = PBXFileReference; lastKnownFileType = sourcecode.swift; path = PCAchievementView.swift; sourceTree = "<group>"; };
		427EFB4D2A3A389B009A86CC /* PCAchievementViewViewModel.swift */ = {isa = PBXFileReference; lastKnownFileType = sourcecode.swift; path = PCAchievementViewViewModel.swift; sourceTree = "<group>"; };
		42893ED92A498C2E008281AD /* PCSettingsView.swift */ = {isa = PBXFileReference; lastKnownFileType = sourcecode.swift; path = PCSettingsView.swift; sourceTree = "<group>"; };
		428BF5292A4F02D200F116DF /* PCPreferencesViewViewModel.swift */ = {isa = PBXFileReference; lastKnownFileType = sourcecode.swift; path = PCPreferencesViewViewModel.swift; sourceTree = "<group>"; };
		428BF52B2A4F044900F116DF /* PCPreferencesView.swift */ = {isa = PBXFileReference; lastKnownFileType = sourcecode.swift; path = PCPreferencesView.swift; sourceTree = "<group>"; };
		428BF52D2A4F0BB500F116DF /* PCSpeechLanguage.swift */ = {isa = PBXFileReference; lastKnownFileType = sourcecode.swift; path = PCSpeechLanguage.swift; sourceTree = "<group>"; };
		42AB9CC62A48BF6900A34AE5 /* PCTimeScale.swift */ = {isa = PBXFileReference; lastKnownFileType = sourcecode.swift; path = PCTimeScale.swift; sourceTree = "<group>"; };
		42D17FE52A3B7973007E461F /* PCAchievementType.swift */ = {isa = PBXFileReference; lastKnownFileType = sourcecode.swift; path = PCAchievementType.swift; sourceTree = "<group>"; };
		42EFF36D2A3C851D000D80A3 /* PCWorkoutSummaryView.swift */ = {isa = PBXFileReference; lastKnownFileType = sourcecode.swift; path = PCWorkoutSummaryView.swift; sourceTree = "<group>"; };
		42EFF3712A3C868E000D80A3 /* PCWorkoutSummaryViewViewModel.swift */ = {isa = PBXFileReference; lastKnownFileType = sourcecode.swift; path = PCWorkoutSummaryViewViewModel.swift; sourceTree = "<group>"; };
		42EFF3732A3C9B7F000D80A3 /* PCWorkoutsListView.swift */ = {isa = PBXFileReference; lastKnownFileType = sourcecode.swift; path = PCWorkoutsListView.swift; sourceTree = "<group>"; };
		42EFF3752A3C9BA5000D80A3 /* PCWorkoutsListViewViewModel.swift */ = {isa = PBXFileReference; lastKnownFileType = sourcecode.swift; path = PCWorkoutsListViewViewModel.swift; sourceTree = "<group>"; };
		42FB23572A3F0E0D00DEB204 /* PCAchievementsManager.swift */ = {isa = PBXFileReference; lastKnownFileType = sourcecode.swift; path = PCAchievementsManager.swift; sourceTree = "<group>"; };
		42FB23592A3F22E000DEB204 /* PCAchievement.swift */ = {isa = PBXFileReference; lastKnownFileType = sourcecode.swift; path = PCAchievement.swift; sourceTree = "<group>"; };
		42FB235B2A40ABF300DEB204 /* Info.plist */ = {isa = PBXFileReference; lastKnownFileType = text.plist; path = Info.plist; sourceTree = "<group>"; };
		42FB235C2A40B3F200DEB204 /* PCPushupsAverangeStatisticsView.swift */ = {isa = PBXFileReference; lastKnownFileType = sourcecode.swift; path = PCPushupsAverangeStatisticsView.swift; sourceTree = "<group>"; };
		42FB235E2A40BBFF00DEB204 /* PCStatisticsView.swift */ = {isa = PBXFileReference; lastKnownFileType = sourcecode.swift; path = PCStatisticsView.swift; sourceTree = "<group>"; };
		42FB23602A40DA6E00DEB204 /* PCStatisticsViewViewModel.swift */ = {isa = PBXFileReference; lastKnownFileType = sourcecode.swift; path = PCStatisticsViewViewModel.swift; sourceTree = "<group>"; };
		42FB23632A41B54500DEB204 /* PCPushupsAverangeStatisticsViewViewModel.swift */ = {isa = PBXFileReference; lastKnownFileType = sourcecode.swift; path = PCPushupsAverangeStatisticsViewViewModel.swift; sourceTree = "<group>"; };
		42FB23662A447DCC00DEB204 /* PCPushupsAveragePerSetStatisticsView.swift */ = {isa = PBXFileReference; lastKnownFileType = sourcecode.swift; path = PCPushupsAveragePerSetStatisticsView.swift; sourceTree = "<group>"; };
		42FB23682A447E4F00DEB204 /* PCPushupsAveragePerSetStatisticsViewViewModel.swift */ = {isa = PBXFileReference; lastKnownFileType = sourcecode.swift; path = PCPushupsAveragePerSetStatisticsViewViewModel.swift; sourceTree = "<group>"; };
/* End PBXFileReference section */

/* Begin PBXFrameworksBuildPhase section */
		4278776129DD7BC100657A18 /* Frameworks */ = {
			isa = PBXFrameworksBuildPhase;
			buildActionMask = 2147483647;
			files = (
				427EFB462A386905009A86CC /* RealmSwift in Frameworks */,
				427EFB442A386905009A86CC /* Realm in Frameworks */,
			);
			runOnlyForDeploymentPostprocessing = 0;
		};
/* End PBXFrameworksBuildPhase section */

/* Begin PBXGroup section */
		4278775B29DD7BC100657A18 = {
			isa = PBXGroup;
			children = (
				4278776629DD7BC100657A18 /* PushupsChallenge */,
				4278776529DD7BC100657A18 /* Products */,
			);
			sourceTree = "<group>";
		};
		4278776529DD7BC100657A18 /* Products */ = {
			isa = PBXGroup;
			children = (
				4278776429DD7BC100657A18 /* PushupsChallenge.app */,
			);
			name = Products;
			sourceTree = "<group>";
		};
		4278776629DD7BC100657A18 /* PushupsChallenge */ = {
			isa = PBXGroup;
			children = (
				42FB235B2A40ABF300DEB204 /* Info.plist */,
				4278776729DD7BC100657A18 /* PushupsChallengeApp.swift */,
				427EFB232A30FEC8009A86CC /* Utilities */,
				427EFB362A372BBB009A86CC /* Managers */,
				427EFB262A30FFFE009A86CC /* Extensions */,
				427EFB2B2A31E401009A86CC /* Model */,
				427EFB242A30FEDB009A86CC /* Views */,
				427EFB252A30FEF9009A86CC /* ViewModels */,
				427EFB3B2A374DE4009A86CC /* Resources */,
				4278776D29DD7BC600657A18 /* Preview Content */,
			);
			path = PushupsChallenge;
			sourceTree = "<group>";
		};
		4278776D29DD7BC600657A18 /* Preview Content */ = {
			isa = PBXGroup;
			children = (
				4278776E29DD7BC600657A18 /* Preview Assets.xcassets */,
			);
			path = "Preview Content";
			sourceTree = "<group>";
		};
		427EFB232A30FEC8009A86CC /* Utilities */ = {
			isa = PBXGroup;
			children = (
			);
			path = Utilities;
			sourceTree = "<group>";
		};
		427EFB242A30FEDB009A86CC /* Views */ = {
			isa = PBXGroup;
			children = (
				427EFB2E2A3230D1009A86CC /* Screens */,
				42EFF36C2A3C84D6000D80A3 /* Views */,
				427EFB2F2A3230DB009A86CC /* UIElements */,
			);
			path = Views;
			sourceTree = "<group>";
		};
		427EFB252A30FEF9009A86CC /* ViewModels */ = {
			isa = PBXGroup;
			children = (
				42EFF36F2A3C8628000D80A3 /* Screens */,
				42EFF3702A3C8644000D80A3 /* Views */,
			);
			path = ViewModels;
			sourceTree = "<group>";
		};
		427EFB262A30FFFE009A86CC /* Extensions */ = {
			isa = PBXGroup;
			children = (
				427EFB272A310013009A86CC /* Color+Ext.swift */,
				427EFB342A3711A8009A86CC /* Int+Ext.swift */,
				426FE7B52A474EF7005D04CA /* Double+Ext.swift */,
			);
			path = Extensions;
			sourceTree = "<group>";
		};
		427EFB2B2A31E401009A86CC /* Model */ = {
			isa = PBXGroup;
			children = (
				427EFB2C2A31E415009A86CC /* PCWorkout.swift */,
				42FB23592A3F22E000DEB204 /* PCAchievement.swift */,
				42684F402A4B0BFE00713999 /* PCScheduledReminder.swift */,
				42D17FE52A3B7973007E461F /* PCAchievementType.swift */,
				42AB9CC62A48BF6900A34AE5 /* PCTimeScale.swift */,
				42684F422A4B0D0700713999 /* PCWeekday.swift */,
				428BF52D2A4F0BB500F116DF /* PCSpeechLanguage.swift */,
			);
			path = Model;
			sourceTree = "<group>";
		};
		427EFB2E2A3230D1009A86CC /* Screens */ = {
			isa = PBXGroup;
			children = (
				4278776929DD7BC100657A18 /* PCMainView.swift */,
				427EFB302A36F84D009A86CC /* PCWorkoutView.swift */,
				427EFB3E2A375D60009A86CC /* PCWorkoutOverlayView.swift */,
				427EFB472A3A1CB7009A86CC /* PCAchievementsView.swift */,
				42EFF3732A3C9B7F000D80A3 /* PCWorkoutsListView.swift */,
				42FB235E2A40BBFF00DEB204 /* PCStatisticsView.swift */,
				42893ED92A498C2E008281AD /* PCSettingsView.swift */,
				4257C5822A4AFC08001D8ED6 /* PCSetRemindersView.swift */,
				428BF52B2A4F044900F116DF /* PCPreferencesView.swift */,
			);
			path = Screens;
			sourceTree = "<group>";
		};
		427EFB2F2A3230DB009A86CC /* UIElements */ = {
			isa = PBXGroup;
			children = (
				427EFB292A31DB45009A86CC /* PCMenuButtonView.swift */,
			);
			path = UIElements;
			sourceTree = "<group>";
		};
		427EFB362A372BBB009A86CC /* Managers */ = {
			isa = PBXGroup;
			children = (
				427EFB372A372BE1009A86CC /* SpeechSynthesizerManager.swift */,
				427EFB392A372FC3009A86CC /* ProximityObserverManager.swift */,
				42FB23572A3F0E0D00DEB204 /* PCAchievementsManager.swift */,
				4257C5802A4AFAEF001D8ED6 /* PCNotificationManager.swift */,
			);
			path = Managers;
			sourceTree = "<group>";
		};
		427EFB3B2A374DE4009A86CC /* Resources */ = {
			isa = PBXGroup;
			children = (
				427EFB3C2A374E4C009A86CC /* Done.MP3 */,
				4278776B29DD7BC600657A18 /* Assets.xcassets */,
			);
			path = Resources;
			sourceTree = "<group>";
		};
		42EFF36C2A3C84D6000D80A3 /* Views */ = {
			isa = PBXGroup;
			children = (
				427EFB4B2A3A3050009A86CC /* PCAchievementView.swift */,
				42EFF36D2A3C851D000D80A3 /* PCWorkoutSummaryView.swift */,
				427C5F3C2A4B6C5D0056A4E3 /* PCReminderCellView.swift */,
				42FB23652A41CF7E00DEB204 /* StatisticsViews */,
			);
			path = Views;
			sourceTree = "<group>";
		};
		42EFF36F2A3C8628000D80A3 /* Screens */ = {
			isa = PBXGroup;
			children = (
				4278777529DD7CAD00657A18 /* PCMainViewViewModel.swift */,
				427EFB322A36F886009A86CC /* PCWorkoutViewViewModel.swift */,
				427EFB402A375FB7009A86CC /* PCWorkoutOverlayViewViewModel.swift */,
				427EFB492A3A1CD1009A86CC /* PCAchievementsViewViewModel.swift */,
				42EFF3752A3C9BA5000D80A3 /* PCWorkoutsListViewViewModel.swift */,
				42FB23602A40DA6E00DEB204 /* PCStatisticsViewViewModel.swift */,
				4257C57E2A49FD63001D8ED6 /* PCSettingsViewViewModel.swift */,
				427332B12A4B240600C582C6 /* PCSetRemindersViewViewModel.swift */,
				428BF5292A4F02D200F116DF /* PCPreferencesViewViewModel.swift */,
			);
			path = Screens;
			sourceTree = "<group>";
		};
		42EFF3702A3C8644000D80A3 /* Views */ = {
			isa = PBXGroup;
			children = (
				427EFB4D2A3A389B009A86CC /* PCAchievementViewViewModel.swift */,
				42EFF3712A3C868E000D80A3 /* PCWorkoutSummaryViewViewModel.swift */,
				42FB23622A41B52800DEB204 /* Statistics */,
			);
			path = Views;
			sourceTree = "<group>";
		};
		42FB23622A41B52800DEB204 /* Statistics */ = {
			isa = PBXGroup;
			children = (
				42FB23632A41B54500DEB204 /* PCPushupsAverangeStatisticsViewViewModel.swift */,
				42FB23682A447E4F00DEB204 /* PCPushupsAveragePerSetStatisticsViewViewModel.swift */,
				4205E1A42A4703D5006864AA /* PCChallengeCompletionPercentageStatisticsViewViewModel.swift */,
			);
			path = Statistics;
			sourceTree = "<group>";
		};
		42FB23652A41CF7E00DEB204 /* StatisticsViews */ = {
			isa = PBXGroup;
			children = (
				42FB235C2A40B3F200DEB204 /* PCPushupsAverangeStatisticsView.swift */,
				42FB23662A447DCC00DEB204 /* PCPushupsAveragePerSetStatisticsView.swift */,
				4205E1A22A470363006864AA /* PCChallengeCompletionPercentageStatisticsView.swift */,
			);
			path = StatisticsViews;
			sourceTree = "<group>";
		};
/* End PBXGroup section */

/* Begin PBXNativeTarget section */
		4278776329DD7BC100657A18 /* PushupsChallenge */ = {
			isa = PBXNativeTarget;
			buildConfigurationList = 4278777229DD7BC600657A18 /* Build configuration list for PBXNativeTarget "PushupsChallenge" */;
			buildPhases = (
				4278776029DD7BC100657A18 /* Sources */,
				4278776129DD7BC100657A18 /* Frameworks */,
				4278776229DD7BC100657A18 /* Resources */,
			);
			buildRules = (
			);
			dependencies = (
			);
			name = PushupsChallenge;
			packageProductDependencies = (
				427EFB432A386905009A86CC /* Realm */,
				427EFB452A386905009A86CC /* RealmSwift */,
			);
			productName = PushupsChallenge;
			productReference = 4278776429DD7BC100657A18 /* PushupsChallenge.app */;
			productType = "com.apple.product-type.application";
		};
/* End PBXNativeTarget section */

/* Begin PBXProject section */
		4278775C29DD7BC100657A18 /* Project object */ = {
			isa = PBXProject;
			attributes = {
				BuildIndependentTargetsInParallel = 1;
				LastSwiftUpdateCheck = 1420;
				LastUpgradeCheck = 1420;
				TargetAttributes = {
					4278776329DD7BC100657A18 = {
						CreatedOnToolsVersion = 14.2;
					};
				};
			};
			buildConfigurationList = 4278775F29DD7BC100657A18 /* Build configuration list for PBXProject "PushupsChallenge" */;
			compatibilityVersion = "Xcode 14.0";
			developmentRegion = en;
			hasScannedForEncodings = 0;
			knownRegions = (
				en,
				Base,
			);
			mainGroup = 4278775B29DD7BC100657A18;
			packageReferences = (
				427EFB422A386904009A86CC /* XCRemoteSwiftPackageReference "realm-swift" */,
			);
			productRefGroup = 4278776529DD7BC100657A18 /* Products */;
			projectDirPath = "";
			projectRoot = "";
			targets = (
				4278776329DD7BC100657A18 /* PushupsChallenge */,
			);
		};
/* End PBXProject section */

/* Begin PBXResourcesBuildPhase section */
		4278776229DD7BC100657A18 /* Resources */ = {
			isa = PBXResourcesBuildPhase;
			buildActionMask = 2147483647;
			files = (
				427EFB3D2A374E4C009A86CC /* Done.MP3 in Resources */,
				4278776F29DD7BC600657A18 /* Preview Assets.xcassets in Resources */,
				4278776C29DD7BC600657A18 /* Assets.xcassets in Resources */,
			);
			runOnlyForDeploymentPostprocessing = 0;
		};
/* End PBXResourcesBuildPhase section */

/* Begin PBXSourcesBuildPhase section */
		4278776029DD7BC100657A18 /* Sources */ = {
			isa = PBXSourcesBuildPhase;
			buildActionMask = 2147483647;
			files = (
				42FB235F2A40BBFF00DEB204 /* PCStatisticsView.swift in Sources */,
				427C5F3D2A4B6C5D0056A4E3 /* PCReminderCellView.swift in Sources */,
				427EFB3F2A375D60009A86CC /* PCWorkoutOverlayView.swift in Sources */,
				4205E1A32A470363006864AA /* PCChallengeCompletionPercentageStatisticsView.swift in Sources */,
				42EFF3742A3C9B7F000D80A3 /* PCWorkoutsListView.swift in Sources */,
				4257C5832A4AFC08001D8ED6 /* PCSetRemindersView.swift in Sources */,
				427EFB312A36F84D009A86CC /* PCWorkoutView.swift in Sources */,
				427EFB3A2A372FC3009A86CC /* ProximityObserverManager.swift in Sources */,
				4278776A29DD7BC100657A18 /* PCMainView.swift in Sources */,
				4257C57F2A49FD63001D8ED6 /* PCSettingsViewViewModel.swift in Sources */,
				42FB23612A40DA6E00DEB204 /* PCStatisticsViewViewModel.swift in Sources */,
				427EFB4E2A3A389B009A86CC /* PCAchievementViewViewModel.swift in Sources */,
				427332B22A4B240600C582C6 /* PCSetRemindersViewViewModel.swift in Sources */,
				427EFB412A375FB7009A86CC /* PCWorkoutOverlayViewViewModel.swift in Sources */,
				42893EDA2A498C2E008281AD /* PCSettingsView.swift in Sources */,
				42AB9CC72A48BF6900A34AE5 /* PCTimeScale.swift in Sources */,
				427EFB282A310013009A86CC /* Color+Ext.swift in Sources */,
				42684F432A4B0D0700713999 /* PCWeekday.swift in Sources */,
				428BF52C2A4F044900F116DF /* PCPreferencesView.swift in Sources */,
				4278776829DD7BC100657A18 /* PushupsChallengeApp.swift in Sources */,
				4257C5812A4AFAEF001D8ED6 /* PCNotificationManager.swift in Sources */,
				427EFB382A372BE1009A86CC /* SpeechSynthesizerManager.swift in Sources */,
				42FB235A2A3F22E000DEB204 /* PCAchievement.swift in Sources */,
				427EFB2A2A31DB45009A86CC /* PCMenuButtonView.swift in Sources */,
				42FB235D2A40B3F200DEB204 /* PCPushupsAverangeStatisticsView.swift in Sources */,
				42FB23642A41B54500DEB204 /* PCPushupsAverangeStatisticsViewViewModel.swift in Sources */,
				427EFB4C2A3A3050009A86CC /* PCAchievementView.swift in Sources */,
				42EFF3762A3C9BA5000D80A3 /* PCWorkoutsListViewViewModel.swift in Sources */,
				427EFB352A3711A8009A86CC /* Int+Ext.swift in Sources */,
				428BF52E2A4F0BB500F116DF /* PCSpeechLanguage.swift in Sources */,
				427EFB332A36F886009A86CC /* PCWorkoutViewViewModel.swift in Sources */,
				42EFF3722A3C868E000D80A3 /* PCWorkoutSummaryViewViewModel.swift in Sources */,
				42FB23692A447E4F00DEB204 /* PCPushupsAveragePerSetStatisticsViewViewModel.swift in Sources */,
				427EFB482A3A1CB8009A86CC /* PCAchievementsView.swift in Sources */,
				42684F412A4B0BFE00713999 /* PCScheduledReminder.swift in Sources */,
				42FB23582A3F0E0D00DEB204 /* PCAchievementsManager.swift in Sources */,
				4205E1A52A4703D5006864AA /* PCChallengeCompletionPercentageStatisticsViewViewModel.swift in Sources */,
				426FE7B62A474EF7005D04CA /* Double+Ext.swift in Sources */,
				427EFB2D2A31E415009A86CC /* PCWorkout.swift in Sources */,
				42FB23672A447DCD00DEB204 /* PCPushupsAveragePerSetStatisticsView.swift in Sources */,
				4278777629DD7CAE00657A18 /* PCMainViewViewModel.swift in Sources */,
				42EFF36E2A3C851D000D80A3 /* PCWorkoutSummaryView.swift in Sources */,
				42D17FE62A3B7973007E461F /* PCAchievementType.swift in Sources */,
				428BF52A2A4F02D200F116DF /* PCPreferencesViewViewModel.swift in Sources */,
				427EFB4A2A3A1CD1009A86CC /* PCAchievementsViewViewModel.swift in Sources */,
			);
			runOnlyForDeploymentPostprocessing = 0;
		};
/* End PBXSourcesBuildPhase section */

/* Begin XCBuildConfiguration section */
		4278777029DD7BC600657A18 /* Debug */ = {
			isa = XCBuildConfiguration;
			buildSettings = {
				ALWAYS_SEARCH_USER_PATHS = NO;
				CLANG_ANALYZER_NONNULL = YES;
				CLANG_ANALYZER_NUMBER_OBJECT_CONVERSION = YES_AGGRESSIVE;
				CLANG_CXX_LANGUAGE_STANDARD = "gnu++20";
				CLANG_ENABLE_MODULES = YES;
				CLANG_ENABLE_OBJC_ARC = YES;
				CLANG_ENABLE_OBJC_WEAK = YES;
				CLANG_WARN_BLOCK_CAPTURE_AUTORELEASING = YES;
				CLANG_WARN_BOOL_CONVERSION = YES;
				CLANG_WARN_COMMA = YES;
				CLANG_WARN_CONSTANT_CONVERSION = YES;
				CLANG_WARN_DEPRECATED_OBJC_IMPLEMENTATIONS = YES;
				CLANG_WARN_DIRECT_OBJC_ISA_USAGE = YES_ERROR;
				CLANG_WARN_DOCUMENTATION_COMMENTS = YES;
				CLANG_WARN_EMPTY_BODY = YES;
				CLANG_WARN_ENUM_CONVERSION = YES;
				CLANG_WARN_INFINITE_RECURSION = YES;
				CLANG_WARN_INT_CONVERSION = YES;
				CLANG_WARN_NON_LITERAL_NULL_CONVERSION = YES;
				CLANG_WARN_OBJC_IMPLICIT_RETAIN_SELF = YES;
				CLANG_WARN_OBJC_LITERAL_CONVERSION = YES;
				CLANG_WARN_OBJC_ROOT_CLASS = YES_ERROR;
				CLANG_WARN_QUOTED_INCLUDE_IN_FRAMEWORK_HEADER = YES;
				CLANG_WARN_RANGE_LOOP_ANALYSIS = YES;
				CLANG_WARN_STRICT_PROTOTYPES = YES;
				CLANG_WARN_SUSPICIOUS_MOVE = YES;
				CLANG_WARN_UNGUARDED_AVAILABILITY = YES_AGGRESSIVE;
				CLANG_WARN_UNREACHABLE_CODE = YES;
				CLANG_WARN__DUPLICATE_METHOD_MATCH = YES;
				COPY_PHASE_STRIP = NO;
				DEBUG_INFORMATION_FORMAT = dwarf;
				ENABLE_STRICT_OBJC_MSGSEND = YES;
				ENABLE_TESTABILITY = YES;
				GCC_C_LANGUAGE_STANDARD = gnu11;
				GCC_DYNAMIC_NO_PIC = NO;
				GCC_NO_COMMON_BLOCKS = YES;
				GCC_OPTIMIZATION_LEVEL = 0;
				GCC_PREPROCESSOR_DEFINITIONS = (
					"DEBUG=1",
					"$(inherited)",
				);
				GCC_WARN_64_TO_32_BIT_CONVERSION = YES;
				GCC_WARN_ABOUT_RETURN_TYPE = YES_ERROR;
				GCC_WARN_UNDECLARED_SELECTOR = YES;
				GCC_WARN_UNINITIALIZED_AUTOS = YES_AGGRESSIVE;
				GCC_WARN_UNUSED_FUNCTION = YES;
				GCC_WARN_UNUSED_VARIABLE = YES;
				IPHONEOS_DEPLOYMENT_TARGET = 16.2;
				MTL_ENABLE_DEBUG_INFO = INCLUDE_SOURCE;
				MTL_FAST_MATH = YES;
				ONLY_ACTIVE_ARCH = YES;
				SDKROOT = iphoneos;
				SWIFT_ACTIVE_COMPILATION_CONDITIONS = DEBUG;
				SWIFT_OPTIMIZATION_LEVEL = "-Onone";
			};
			name = Debug;
		};
		4278777129DD7BC600657A18 /* Release */ = {
			isa = XCBuildConfiguration;
			buildSettings = {
				ALWAYS_SEARCH_USER_PATHS = NO;
				CLANG_ANALYZER_NONNULL = YES;
				CLANG_ANALYZER_NUMBER_OBJECT_CONVERSION = YES_AGGRESSIVE;
				CLANG_CXX_LANGUAGE_STANDARD = "gnu++20";
				CLANG_ENABLE_MODULES = YES;
				CLANG_ENABLE_OBJC_ARC = YES;
				CLANG_ENABLE_OBJC_WEAK = YES;
				CLANG_WARN_BLOCK_CAPTURE_AUTORELEASING = YES;
				CLANG_WARN_BOOL_CONVERSION = YES;
				CLANG_WARN_COMMA = YES;
				CLANG_WARN_CONSTANT_CONVERSION = YES;
				CLANG_WARN_DEPRECATED_OBJC_IMPLEMENTATIONS = YES;
				CLANG_WARN_DIRECT_OBJC_ISA_USAGE = YES_ERROR;
				CLANG_WARN_DOCUMENTATION_COMMENTS = YES;
				CLANG_WARN_EMPTY_BODY = YES;
				CLANG_WARN_ENUM_CONVERSION = YES;
				CLANG_WARN_INFINITE_RECURSION = YES;
				CLANG_WARN_INT_CONVERSION = YES;
				CLANG_WARN_NON_LITERAL_NULL_CONVERSION = YES;
				CLANG_WARN_OBJC_IMPLICIT_RETAIN_SELF = YES;
				CLANG_WARN_OBJC_LITERAL_CONVERSION = YES;
				CLANG_WARN_OBJC_ROOT_CLASS = YES_ERROR;
				CLANG_WARN_QUOTED_INCLUDE_IN_FRAMEWORK_HEADER = YES;
				CLANG_WARN_RANGE_LOOP_ANALYSIS = YES;
				CLANG_WARN_STRICT_PROTOTYPES = YES;
				CLANG_WARN_SUSPICIOUS_MOVE = YES;
				CLANG_WARN_UNGUARDED_AVAILABILITY = YES_AGGRESSIVE;
				CLANG_WARN_UNREACHABLE_CODE = YES;
				CLANG_WARN__DUPLICATE_METHOD_MATCH = YES;
				COPY_PHASE_STRIP = NO;
				DEBUG_INFORMATION_FORMAT = "dwarf-with-dsym";
				ENABLE_NS_ASSERTIONS = NO;
				ENABLE_STRICT_OBJC_MSGSEND = YES;
				GCC_C_LANGUAGE_STANDARD = gnu11;
				GCC_NO_COMMON_BLOCKS = YES;
				GCC_WARN_64_TO_32_BIT_CONVERSION = YES;
				GCC_WARN_ABOUT_RETURN_TYPE = YES_ERROR;
				GCC_WARN_UNDECLARED_SELECTOR = YES;
				GCC_WARN_UNINITIALIZED_AUTOS = YES_AGGRESSIVE;
				GCC_WARN_UNUSED_FUNCTION = YES;
				GCC_WARN_UNUSED_VARIABLE = YES;
				IPHONEOS_DEPLOYMENT_TARGET = 16.2;
				MTL_ENABLE_DEBUG_INFO = NO;
				MTL_FAST_MATH = YES;
				SDKROOT = iphoneos;
				SWIFT_COMPILATION_MODE = wholemodule;
				SWIFT_OPTIMIZATION_LEVEL = "-O";
				VALIDATE_PRODUCT = YES;
			};
			name = Release;
		};
		4278777329DD7BC600657A18 /* Debug */ = {
			isa = XCBuildConfiguration;
			buildSettings = {
				ASSETCATALOG_COMPILER_APPICON_NAME = AppIcon;
				ASSETCATALOG_COMPILER_GLOBAL_ACCENT_COLOR_NAME = AccentColor;
				CODE_SIGN_STYLE = Automatic;
				CURRENT_PROJECT_VERSION = 1;
				DEVELOPMENT_ASSET_PATHS = "\"PushupsChallenge/Preview Content\"";
				DEVELOPMENT_TEAM = 3FACLSXXJM;
				ENABLE_PREVIEWS = YES;
				GENERATE_INFOPLIST_FILE = YES;
				INFOPLIST_FILE = PushupsChallenge/Info.plist;
				INFOPLIST_KEY_UIApplicationSceneManifest_Generation = YES;
				INFOPLIST_KEY_UIApplicationSupportsIndirectInputEvents = YES;
				INFOPLIST_KEY_UILaunchScreen_Generation = YES;
				INFOPLIST_KEY_UISupportedInterfaceOrientations_iPad = "UIInterfaceOrientationPortrait UIInterfaceOrientationPortraitUpsideDown UIInterfaceOrientationLandscapeLeft UIInterfaceOrientationLandscapeRight";
				INFOPLIST_KEY_UISupportedInterfaceOrientations_iPhone = "UIInterfaceOrientationPortrait UIInterfaceOrientationLandscapeLeft UIInterfaceOrientationLandscapeRight";
				LD_RUNPATH_SEARCH_PATHS = (
					"$(inherited)",
					"@executable_path/Frameworks",
				);
				MARKETING_VERSION = 1.0;
				PRODUCT_BUNDLE_IDENTIFIER = com.jakubzajda.PushupsChallenge;
				PRODUCT_NAME = "$(TARGET_NAME)";
				SWIFT_EMIT_LOC_STRINGS = YES;
				SWIFT_VERSION = 5.0;
				TARGETED_DEVICE_FAMILY = "1,2";
			};
			name = Debug;
		};
		4278777429DD7BC600657A18 /* Release */ = {
			isa = XCBuildConfiguration;
			buildSettings = {
				ASSETCATALOG_COMPILER_APPICON_NAME = AppIcon;
				ASSETCATALOG_COMPILER_GLOBAL_ACCENT_COLOR_NAME = AccentColor;
				CODE_SIGN_STYLE = Automatic;
				CURRENT_PROJECT_VERSION = 1;
				DEVELOPMENT_ASSET_PATHS = "\"PushupsChallenge/Preview Content\"";
				DEVELOPMENT_TEAM = 3FACLSXXJM;
				ENABLE_PREVIEWS = YES;
				GENERATE_INFOPLIST_FILE = YES;
				INFOPLIST_FILE = PushupsChallenge/Info.plist;
				INFOPLIST_KEY_UIApplicationSceneManifest_Generation = YES;
				INFOPLIST_KEY_UIApplicationSupportsIndirectInputEvents = YES;
				INFOPLIST_KEY_UILaunchScreen_Generation = YES;
				INFOPLIST_KEY_UISupportedInterfaceOrientations_iPad = "UIInterfaceOrientationPortrait UIInterfaceOrientationPortraitUpsideDown UIInterfaceOrientationLandscapeLeft UIInterfaceOrientationLandscapeRight";
				INFOPLIST_KEY_UISupportedInterfaceOrientations_iPhone = "UIInterfaceOrientationPortrait UIInterfaceOrientationLandscapeLeft UIInterfaceOrientationLandscapeRight";
				LD_RUNPATH_SEARCH_PATHS = (
					"$(inherited)",
					"@executable_path/Frameworks",
				);
				MARKETING_VERSION = 1.0;
				PRODUCT_BUNDLE_IDENTIFIER = com.jakubzajda.PushupsChallenge;
				PRODUCT_NAME = "$(TARGET_NAME)";
				SWIFT_EMIT_LOC_STRINGS = YES;
				SWIFT_VERSION = 5.0;
				TARGETED_DEVICE_FAMILY = "1,2";
			};
			name = Release;
		};
/* End XCBuildConfiguration section */

/* Begin XCConfigurationList section */
		4278775F29DD7BC100657A18 /* Build configuration list for PBXProject "PushupsChallenge" */ = {
			isa = XCConfigurationList;
			buildConfigurations = (
				4278777029DD7BC600657A18 /* Debug */,
				4278777129DD7BC600657A18 /* Release */,
			);
			defaultConfigurationIsVisible = 0;
			defaultConfigurationName = Release;
		};
		4278777229DD7BC600657A18 /* Build configuration list for PBXNativeTarget "PushupsChallenge" */ = {
			isa = XCConfigurationList;
			buildConfigurations = (
				4278777329DD7BC600657A18 /* Debug */,
				4278777429DD7BC600657A18 /* Release */,
			);
			defaultConfigurationIsVisible = 0;
			defaultConfigurationName = Release;
		};
/* End XCConfigurationList section */

/* Begin XCRemoteSwiftPackageReference section */
		427EFB422A386904009A86CC /* XCRemoteSwiftPackageReference "realm-swift" */ = {
			isa = XCRemoteSwiftPackageReference;
			repositoryURL = "https://github.com/realm/realm-swift.git";
			requirement = {
				branch = master;
				kind = branch;
			};
		};
/* End XCRemoteSwiftPackageReference section */

/* Begin XCSwiftPackageProductDependency section */
		427EFB432A386905009A86CC /* Realm */ = {
			isa = XCSwiftPackageProductDependency;
			package = 427EFB422A386904009A86CC /* XCRemoteSwiftPackageReference "realm-swift" */;
			productName = Realm;
		};
		427EFB452A386905009A86CC /* RealmSwift */ = {
			isa = XCSwiftPackageProductDependency;
			package = 427EFB422A386904009A86CC /* XCRemoteSwiftPackageReference "realm-swift" */;
			productName = RealmSwift;
		};
/* End XCSwiftPackageProductDependency section */
	};
	rootObject = 4278775C29DD7BC100657A18 /* Project object */;
}
